
Microsoft Visual Studio Solution File, Format Version 12.00
# Visual Studio Version 17
VisualStudioVersion = 17.7.34031.279
MinimumVisualStudioVersion = 10.0.40219.1
Project("{2150E333-8FDC-42A3-9474-1A3956D46DE8}") = "FrontEnd", "FrontEnd", "{052FA521-E2BF-4EAE-98E4-DA44FDE961C6}"
EndProject
Project("{2150E333-8FDC-42A3-9474-1A3956D46DE8}") = "Services", "Services", "{1F1CBB7D-B338-4E97-A860-4AE6A821FFCD}"
EndProject
Project("{FAE04EC0-301F-11D3-BF4B-00C04F79EFBC}") = "GeekShopping.Web", "FrontEnd\GeekShopping.Web\GeekShopping.Web.csproj", "{8AD81B52-326E-4B34-A5A0-CA5BCB886B0E}"
EndProject
Project("{FAE04EC0-301F-11D3-BF4B-00C04F79EFBC}") = "GeekShopping.ProductAPI", "Services\GeekShopping.ProductAPI\GeekShopping.ProductAPI.csproj", "{ED3F5C9F-8B6B-4B25-A90F-35C2877173D3}"
EndProject
Global
	GlobalSection(SolutionConfigurationPlatforms) = preSolution
		Debug|Any CPU = Debug|Any CPU
		Release|Any CPU = Release|Any CPU
	EndGlobalSection
	GlobalSection(ProjectConfigurationPlatforms) = postSolution
		{8AD81B52-326E-4B34-A5A0-CA5BCB886B0E}.Debug|Any CPU.ActiveCfg = Debug|Any CPU
		{8AD81B52-326E-4B34-A5A0-CA5BCB886B0E}.Debug|Any CPU.Build.0 = Debug|Any CPU
		{8AD81B52-326E-4B34-A5A0-CA5BCB886B0E}.Release|Any CPU.ActiveCfg = Release|Any CPU
		{8AD81B52-326E-4B34-A5A0-CA5BCB886B0E}.Release|Any CPU.Build.0 = Release|Any CPU
		{ED3F5C9F-8B6B-4B25-A90F-35C2877173D3}.Debug|Any CPU.ActiveCfg = Debug|Any CPU
		{ED3F5C9F-8B6B-4B25-A90F-35C2877173D3}.Debug|Any CPU.Build.0 = Debug|Any CPU
		{ED3F5C9F-8B6B-4B25-A90F-35C2877173D3}.Release|Any CPU.ActiveCfg = Release|Any CPU
		{ED3F5C9F-8B6B-4B25-A90F-35C2877173D3}.Release|Any CPU.Build.0 = Release|Any CPU
	EndGlobalSection
	GlobalSection(SolutionProperties) = preSolution
		HideSolutionNode = FALSE
	EndGlobalSection
	GlobalSection(NestedProjects) = preSolution
		{8AD81B52-326E-4B34-A5A0-CA5BCB886B0E} = {052FA521-E2BF-4EAE-98E4-DA44FDE961C6}
		{ED3F5C9F-8B6B-4B25-A90F-35C2877173D3} = {1F1CBB7D-B338-4E97-A860-4AE6A821FFCD}
	EndGlobalSection
	GlobalSection(ExtensibilityGlobals) = postSolution
		SolutionGuid = {4E827C5C-01C8-4CEA-989E-360C4F5269DB}
	EndGlobalSection
EndGlobal
